
Microsoft Visual Studio Solution File, Format Version 12.00
# Visual Studio Version 16
VisualStudioVersion = 16.0.31911.196
MinimumVisualStudioVersion = 10.0.40219.1
Project("{FAE04EC0-301F-11D3-BF4B-00C04F79EFBC}") = "PasswordManager.Android", "PasswordManager\PasswordManager.Android\PasswordManager.Android.csproj", "{BAB359A9-004D-4469-9A78-5499BFB1819A}"
EndProject
Project("{FAE04EC0-301F-11D3-BF4B-00C04F79EFBC}") = "PasswordManager.iOS", "PasswordManager\PasswordManager.iOS\PasswordManager.iOS.csproj", "{8996B2C7-57B0-4B5B-B694-0541F6E9D9B2}"
EndProject
Project("{9A19103F-16F7-4668-BE54-9A1E7A4F7556}") = "PasswordManager", "PasswordManager\PasswordManager\PasswordManager.csproj", "{2559BD78-3F65-44E3-8EA9-352A4656B420}"
EndProject
Global
	GlobalSection(SolutionConfigurationPlatforms) = preSolution
		Debug|Any CPU = Debug|Any CPU
		Debug|iPhone = Debug|iPhone
		Debug|iPhoneSimulator = Debug|iPhoneSimulator
		Release|Any CPU = Release|Any CPU
		Release|iPhone = Release|iPhone
		Release|iPhoneSimulator = Release|iPhoneSimulator
	EndGlobalSection
	GlobalSection(ProjectConfigurationPlatforms) = postSolution
		{BAB359A9-004D-4469-9A78-5499BFB1819A}.Debug|Any CPU.ActiveCfg = Debug|Any CPU
		{BAB359A9-004D-4469-9A78-5499BFB1819A}.Debug|Any CPU.Build.0 = Debug|Any CPU
		{BAB359A9-004D-4469-9A78-5499BFB1819A}.Debug|Any CPU.Deploy.0 = Debug|Any CPU
		{BAB359A9-004D-4469-9A78-5499BFB1819A}.Debug|iPhone.ActiveCfg = Debug|Any CPU
		{BAB359A9-004D-4469-9A78-5499BFB1819A}.Debug|iPhone.Build.0 = Debug|Any CPU
		{BAB359A9-004D-4469-9A78-5499BFB1819A}.Debug|iPhone.Deploy.0 = Debug|Any CPU
		{BAB359A9-004D-4469-9A78-5499BFB1819A}.Debug|iPhoneSimulator.ActiveCfg = Debug|Any CPU
		{BAB359A9-004D-4469-9A78-5499BFB1819A}.Debug|iPhoneSimulator.Build.0 = Debug|Any CPU
		{BAB359A9-004D-4469-9A78-5499BFB1819A}.Debug|iPhoneSimulator.Deploy.0 = Debug|Any CPU
		{BAB359A9-004D-4469-9A78-5499BFB1819A}.Release|Any CPU.ActiveCfg = Release|Any CPU
		{BAB359A9-004D-4469-9A78-5499BFB1819A}.Release|Any CPU.Build.0 = Release|Any CPU
		{BAB359A9-004D-4469-9A78-5499BFB1819A}.Release|Any CPU.Deploy.0 = Release|Any CPU
		{BAB359A9-004D-4469-9A78-5499BFB1819A}.Release|iPhone.ActiveCfg = Release|Any CPU
		{BAB359A9-004D-4469-9A78-5499BFB1819A}.Release|iPhone.Build.0 = Release|Any CPU
		{BAB359A9-004D-4469-9A78-5499BFB1819A}.Release|iPhone.Deploy.0 = Release|Any CPU
		{BAB359A9-004D-4469-9A78-5499BFB1819A}.Release|iPhoneSimulator.ActiveCfg = Release|Any CPU
		{BAB359A9-004D-4469-9A78-5499BFB1819A}.Release|iPhoneSimulator.Build.0 = Release|Any CPU
		{BAB359A9-004D-4469-9A78-5499BFB1819A}.Release|iPhoneSimulator.Deploy.0 = Release|Any CPU
		{8996B2C7-57B0-4B5B-B694-0541F6E9D9B2}.Debug|Any CPU.ActiveCfg = Debug|iPhone
		{8996B2C7-57B0-4B5B-B694-0541F6E9D9B2}.Debug|Any CPU.Build.0 = Debug|iPhone
		{8996B2C7-57B0-4B5B-B694-0541F6E9D9B2}.Debug|Any CPU.Deploy.0 = Debug|iPhone
		{8996B2C7-57B0-4B5B-B694-0541F6E9D9B2}.Debug|iPhone.ActiveCfg = Debug|iPhone
		{8996B2C7-57B0-4B5B-B694-0541F6E9D9B2}.Debug|iPhone.Build.0 = Debug|iPhone
		{8996B2C7-57B0-4B5B-B694-0541F6E9D9B2}.Debug|iPhone.Deploy.0 = Debug|iPhone
		{8996B2C7-57B0-4B5B-B694-0541F6E9D9B2}.Debug|iPhoneSimulator.ActiveCfg = Debug|iPhoneSimulator
		{8996B2C7-57B0-4B5B-B694-0541F6E9D9B2}.Debug|iPhoneSimulator.Build.0 = Debug|iPhoneSimulator
		{8996B2C7-57B0-4B5B-B694-0541F6E9D9B2}.Debug|iPhoneSimulator.Deploy.0 = Debug|iPhoneSimulator
		{8996B2C7-57B0-4B5B-B694-0541F6E9D9B2}.Release|Any CPU.ActiveCfg = Release|iPhoneSimulator
		{8996B2C7-57B0-4B5B-B694-0541F6E9D9B2}.Release|Any CPU.Build.0 = Release|iPhoneSimulator
		{8996B2C7-57B0-4B5B-B694-0541F6E9D9B2}.Release|Any CPU.Deploy.0 = Release|iPhoneSimulator
		{8996B2C7-57B0-4B5B-B694-0541F6E9D9B2}.Release|iPhone.ActiveCfg = Release|iPhone
		{8996B2C7-57B0-4B5B-B694-0541F6E9D9B2}.Release|iPhone.Build.0 = Release|iPhone
		{8996B2C7-57B0-4B5B-B694-0541F6E9D9B2}.Release|iPhone.Deploy.0 = Release|iPhone
		{8996B2C7-57B0-4B5B-B694-0541F6E9D9B2}.Release|iPhoneSimulator.ActiveCfg = Release|iPhoneSimulator
		{8996B2C7-57B0-4B5B-B694-0541F6E9D9B2}.Release|iPhoneSimulator.Build.0 = Release|iPhoneSimulator
		{8996B2C7-57B0-4B5B-B694-0541F6E9D9B2}.Release|iPhoneSimulator.Deploy.0 = Release|iPhoneSimulator
		{2559BD78-3F65-44E3-8EA9-352A4656B420}.Debug|Any CPU.ActiveCfg = Debug|Any CPU
		{2559BD78-3F65-44E3-8EA9-352A4656B420}.Debug|Any CPU.Build.0 = Debug|Any CPU
		{2559BD78-3F65-44E3-8EA9-352A4656B420}.Debug|Any CPU.Deploy.0 = Debug|Any CPU
		{2559BD78-3F65-44E3-8EA9-352A4656B420}.Debug|iPhone.ActiveCfg = Debug|Any CPU
		{2559BD78-3F65-44E3-8EA9-352A4656B420}.Debug|iPhone.Build.0 = Debug|Any CPU
		{2559BD78-3F65-44E3-8EA9-352A4656B420}.Debug|iPhone.Deploy.0 = Debug|Any CPU
		{2559BD78-3F65-44E3-8EA9-352A4656B420}.Debug|iPhoneSimulator.ActiveCfg = Debug|Any CPU
		{2559BD78-3F65-44E3-8EA9-352A4656B420}.Debug|iPhoneSimulator.Build.0 = Debug|Any CPU
		{2559BD78-3F65-44E3-8EA9-352A4656B420}.Debug|iPhoneSimulator.Deploy.0 = Debug|Any CPU
		{2559BD78-3F65-44E3-8EA9-352A4656B420}.Release|Any CPU.ActiveCfg = Release|Any CPU
		{2559BD78-3F65-44E3-8EA9-352A4656B420}.Release|Any CPU.Build.0 = Release|Any CPU
		{2559BD78-3F65-44E3-8EA9-352A4656B420}.Release|Any CPU.Deploy.0 = Release|Any CPU
		{2559BD78-3F65-44E3-8EA9-352A4656B420}.Release|iPhone.ActiveCfg = Release|Any CPU
		{2559BD78-3F65-44E3-8EA9-352A4656B420}.Release|iPhone.Build.0 = Release|Any CPU
		{2559BD78-3F65-44E3-8EA9-352A4656B420}.Release|iPhone.Deploy.0 = Release|Any CPU
		{2559BD78-3F65-44E3-8EA9-352A4656B420}.Release|iPhoneSimulator.ActiveCfg = Release|Any CPU
		{2559BD78-3F65-44E3-8EA9-352A4656B420}.Release|iPhoneSimulator.Build.0 = Release|Any CPU
		{2559BD78-3F65-44E3-8EA9-352A4656B420}.Release|iPhoneSimulator.Deploy.0 = Release|Any CPU
	EndGlobalSection
	GlobalSection(SolutionProperties) = preSolution
		HideSolutionNode = FALSE
	EndGlobalSection
	GlobalSection(ExtensibilityGlobals) = postSolution
		SolutionGuid = {37677F5F-0722-4D65-997E-3FDDA5F923DE}
	EndGlobalSection
EndGlobal
